
Microsoft Visual Studio Solution File, Format Version 12.00
# Visual Studio Version 16
VisualStudioVersion = 16.0.29403.142
MinimumVisualStudioVersion = 10.0.40219.1
Project("{FAE04EC0-301F-11D3-BF4B-00C04F79EFBC}") = "Assignment2", "Assignment2\Assignment2.csproj", "{48C80663-406A-4B18-9ABA-17A955B3DEC5}"
EndProject
Global
	GlobalSection(SolutionConfigurationPlatforms) = preSolution
		Debug|Any CPU = Debug|Any CPU
		Release|Any CPU = Release|Any CPU
	EndGlobalSection
	GlobalSection(ProjectConfigurationPlatforms) = postSolution
		{48C80663-406A-4B18-9ABA-17A955B3DEC5}.Debug|Any CPU.ActiveCfg = Debug|Any CPU
		{48C80663-406A-4B18-9ABA-17A955B3DEC5}.Debug|Any CPU.Build.0 = Debug|Any CPU
		{48C80663-406A-4B18-9ABA-17A955B3DEC5}.Release|Any CPU.ActiveCfg = Release|Any CPU
		{48C80663-406A-4B18-9ABA-17A955B3DEC5}.Release|Any CPU.Build.0 = Release|Any CPU
	EndGlobalSection
	GlobalSection(SolutionProperties) = preSolution
		HideSolutionNode = FALSE
	EndGlobalSection
	GlobalSection(ExtensibilityGlobals) = postSolution
		SolutionGuid = {1860B3BB-1A08-46C1-95FE-CE9C16A3B916}
	EndGlobalSection
EndGlobal
