
Microsoft Visual Studio Solution File, Format Version 12.00
# Visual Studio Version 16
VisualStudioVersion = 16.0.29326.143
MinimumVisualStudioVersion = 10.0.40219.1
Project("{FAE04EC0-301F-11D3-BF4B-00C04F79EFBC}") = "ProductQueries", "ProductQueries\ProductQueries.csproj", "{7B8F0832-D100-4ABD-986A-C9F8075DFA2C}"
EndProject
Global
	GlobalSection(SolutionConfigurationPlatforms) = preSolution
		Debug|Any CPU = Debug|Any CPU
		Release|Any CPU = Release|Any CPU
	EndGlobalSection
	GlobalSection(ProjectConfigurationPlatforms) = postSolution
		{7B8F0832-D100-4ABD-986A-C9F8075DFA2C}.Debug|Any CPU.ActiveCfg = Debug|Any CPU
		{7B8F0832-D100-4ABD-986A-C9F8075DFA2C}.Debug|Any CPU.Build.0 = Debug|Any CPU
		{7B8F0832-D100-4ABD-986A-C9F8075DFA2C}.Release|Any CPU.ActiveCfg = Release|Any CPU
		{7B8F0832-D100-4ABD-986A-C9F8075DFA2C}.Release|Any CPU.Build.0 = Release|Any CPU
	EndGlobalSection
	GlobalSection(SolutionProperties) = preSolution
		HideSolutionNode = FALSE
	EndGlobalSection
	GlobalSection(ExtensibilityGlobals) = postSolution
		SolutionGuid = {D93E96A7-A33B-402C-99D1-0204513A867F}
	EndGlobalSection
EndGlobal
