
Microsoft Visual Studio Solution File, Format Version 12.00
# Visual Studio Version 16
VisualStudioVersion = 16.0.29215.179
MinimumVisualStudioVersion = 10.0.40219.1
Project("{FAE04EC0-301F-11D3-BF4B-00C04F79EFBC}") = "BooksApp", "BooksApp\BooksApp.csproj", "{B2C6D3CC-FB16-4D2A-BBBF-A6CB3E03AA9A}"
EndProject
Global
	GlobalSection(SolutionConfigurationPlatforms) = preSolution
		Debug|Any CPU = Debug|Any CPU
		Release|Any CPU = Release|Any CPU
	EndGlobalSection
	GlobalSection(ProjectConfigurationPlatforms) = postSolution
		{B2C6D3CC-FB16-4D2A-BBBF-A6CB3E03AA9A}.Debug|Any CPU.ActiveCfg = Debug|Any CPU
		{B2C6D3CC-FB16-4D2A-BBBF-A6CB3E03AA9A}.Debug|Any CPU.Build.0 = Debug|Any CPU
		{B2C6D3CC-FB16-4D2A-BBBF-A6CB3E03AA9A}.Release|Any CPU.ActiveCfg = Release|Any CPU
		{B2C6D3CC-FB16-4D2A-BBBF-A6CB3E03AA9A}.Release|Any CPU.Build.0 = Release|Any CPU
	EndGlobalSection
	GlobalSection(SolutionProperties) = preSolution
		HideSolutionNode = FALSE
	EndGlobalSection
	GlobalSection(ExtensibilityGlobals) = postSolution
		SolutionGuid = {5A86783A-ADA7-4731-9E65-2928D246202F}
	EndGlobalSection
EndGlobal
