
Microsoft Visual Studio Solution File, Format Version 12.00
# Visual Studio Version 16
VisualStudioVersion = 16.0.29215.179
MinimumVisualStudioVersion = 10.0.40219.1
Project("{FAE04EC0-301F-11D3-BF4B-00C04F79EFBC}") = "FileApp", "FileApp\FileApp.csproj", "{DB0263FF-1234-4BD9-8FD3-F38103AC699D}"
EndProject
Global
	GlobalSection(SolutionConfigurationPlatforms) = preSolution
		Debug|Any CPU = Debug|Any CPU
		Release|Any CPU = Release|Any CPU
	EndGlobalSection
	GlobalSection(ProjectConfigurationPlatforms) = postSolution
		{DB0263FF-1234-4BD9-8FD3-F38103AC699D}.Debug|Any CPU.ActiveCfg = Debug|Any CPU
		{DB0263FF-1234-4BD9-8FD3-F38103AC699D}.Debug|Any CPU.Build.0 = Debug|Any CPU
		{DB0263FF-1234-4BD9-8FD3-F38103AC699D}.Release|Any CPU.ActiveCfg = Release|Any CPU
		{DB0263FF-1234-4BD9-8FD3-F38103AC699D}.Release|Any CPU.Build.0 = Release|Any CPU
	EndGlobalSection
	GlobalSection(SolutionProperties) = preSolution
		HideSolutionNode = FALSE
	EndGlobalSection
	GlobalSection(ExtensibilityGlobals) = postSolution
		SolutionGuid = {035A48EF-EE51-494C-9E58-B54AF6045C2A}
	EndGlobalSection
EndGlobal
