
Microsoft Visual Studio Solution File, Format Version 12.00
# Visual Studio Version 16
VisualStudioVersion = 16.0.29215.179
MinimumVisualStudioVersion = 10.0.40219.1
Project("{FAE04EC0-301F-11D3-BF4B-00C04F79EFBC}") = "TimeApp", "TimeApp\TimeApp.csproj", "{730F55F7-77E3-4D9D-9D29-C79A28A02D6A}"
EndProject
Project("{FAE04EC0-301F-11D3-BF4B-00C04F79EFBC}") = "UnitTestProject1", "UnitTestProject1\UnitTestProject1.csproj", "{669026D9-53D3-4B15-8141-BCB8A8004778}"
EndProject
Global
	GlobalSection(SolutionConfigurationPlatforms) = preSolution
		Debug|Any CPU = Debug|Any CPU
		Release|Any CPU = Release|Any CPU
	EndGlobalSection
	GlobalSection(ProjectConfigurationPlatforms) = postSolution
		{730F55F7-77E3-4D9D-9D29-C79A28A02D6A}.Debug|Any CPU.ActiveCfg = Debug|Any CPU
		{730F55F7-77E3-4D9D-9D29-C79A28A02D6A}.Debug|Any CPU.Build.0 = Debug|Any CPU
		{730F55F7-77E3-4D9D-9D29-C79A28A02D6A}.Release|Any CPU.ActiveCfg = Release|Any CPU
		{730F55F7-77E3-4D9D-9D29-C79A28A02D6A}.Release|Any CPU.Build.0 = Release|Any CPU
		{669026D9-53D3-4B15-8141-BCB8A8004778}.Debug|Any CPU.ActiveCfg = Debug|Any CPU
		{669026D9-53D3-4B15-8141-BCB8A8004778}.Debug|Any CPU.Build.0 = Debug|Any CPU
		{669026D9-53D3-4B15-8141-BCB8A8004778}.Release|Any CPU.ActiveCfg = Release|Any CPU
		{669026D9-53D3-4B15-8141-BCB8A8004778}.Release|Any CPU.Build.0 = Release|Any CPU
	EndGlobalSection
	GlobalSection(SolutionProperties) = preSolution
		HideSolutionNode = FALSE
	EndGlobalSection
	GlobalSection(ExtensibilityGlobals) = postSolution
		SolutionGuid = {BA1B4A2F-4E96-4834-9369-1B0C5A724A96}
	EndGlobalSection
EndGlobal
