
Microsoft Visual Studio Solution File, Format Version 12.00
# Visual Studio Version 16
VisualStudioVersion = 16.0.29215.179
MinimumVisualStudioVersion = 10.0.40219.1
Project("{FAE04EC0-301F-11D3-BF4B-00C04F79EFBC}") = "Halloween", "Halloween\Halloween.csproj", "{8B14B0D9-7156-4F66-AE9D-CF3B123E38F1}"
EndProject
Global
	GlobalSection(SolutionConfigurationPlatforms) = preSolution
		Debug|Any CPU = Debug|Any CPU
		Release|Any CPU = Release|Any CPU
	EndGlobalSection
	GlobalSection(ProjectConfigurationPlatforms) = postSolution
		{8B14B0D9-7156-4F66-AE9D-CF3B123E38F1}.Debug|Any CPU.ActiveCfg = Debug|Any CPU
		{8B14B0D9-7156-4F66-AE9D-CF3B123E38F1}.Debug|Any CPU.Build.0 = Debug|Any CPU
		{8B14B0D9-7156-4F66-AE9D-CF3B123E38F1}.Release|Any CPU.ActiveCfg = Release|Any CPU
		{8B14B0D9-7156-4F66-AE9D-CF3B123E38F1}.Release|Any CPU.Build.0 = Release|Any CPU
	EndGlobalSection
	GlobalSection(SolutionProperties) = preSolution
		HideSolutionNode = FALSE
	EndGlobalSection
	GlobalSection(ExtensibilityGlobals) = postSolution
		SolutionGuid = {BE24AAD1-C884-4755-8DDE-40C25453B9CB}
	EndGlobalSection
EndGlobal
