
Microsoft Visual Studio Solution File, Format Version 12.00
# Visual Studio Version 16
VisualStudioVersion = 16.0.29215.179
MinimumVisualStudioVersion = 10.0.40219.1
Project("{FAE04EC0-301F-11D3-BF4B-00C04F79EFBC}") = "EmplApp1", "EmplApp1\EmplApp1.csproj", "{C9F772C7-F86F-4B53-9FB3-DA1644208A8F}"
EndProject
Project("{FAE04EC0-301F-11D3-BF4B-00C04F79EFBC}") = "UnitTestProject1", "UnitTestProject1\UnitTestProject1.csproj", "{1C0A1A30-844A-455D-93E2-BA37C53B1307}"
EndProject
Global
	GlobalSection(SolutionConfigurationPlatforms) = preSolution
		Debug|Any CPU = Debug|Any CPU
		Release|Any CPU = Release|Any CPU
	EndGlobalSection
	GlobalSection(ProjectConfigurationPlatforms) = postSolution
		{C9F772C7-F86F-4B53-9FB3-DA1644208A8F}.Debug|Any CPU.ActiveCfg = Debug|Any CPU
		{C9F772C7-F86F-4B53-9FB3-DA1644208A8F}.Debug|Any CPU.Build.0 = Debug|Any CPU
		{C9F772C7-F86F-4B53-9FB3-DA1644208A8F}.Release|Any CPU.ActiveCfg = Release|Any CPU
		{C9F772C7-F86F-4B53-9FB3-DA1644208A8F}.Release|Any CPU.Build.0 = Release|Any CPU
		{1C0A1A30-844A-455D-93E2-BA37C53B1307}.Debug|Any CPU.ActiveCfg = Debug|Any CPU
		{1C0A1A30-844A-455D-93E2-BA37C53B1307}.Debug|Any CPU.Build.0 = Debug|Any CPU
		{1C0A1A30-844A-455D-93E2-BA37C53B1307}.Release|Any CPU.ActiveCfg = Release|Any CPU
		{1C0A1A30-844A-455D-93E2-BA37C53B1307}.Release|Any CPU.Build.0 = Release|Any CPU
	EndGlobalSection
	GlobalSection(SolutionProperties) = preSolution
		HideSolutionNode = FALSE
	EndGlobalSection
	GlobalSection(ExtensibilityGlobals) = postSolution
		SolutionGuid = {5321A44C-6DF9-47ED-8205-ACDBF552AB56}
	EndGlobalSection
EndGlobal
