
Microsoft Visual Studio Solution File, Format Version 12.00
# Visual Studio Version 16
VisualStudioVersion = 16.0.29215.179
MinimumVisualStudioVersion = 10.0.40219.1
Project("{FAE04EC0-301F-11D3-BF4B-00C04F79EFBC}") = "BooksApp1", "BooksApp1\BooksApp1.csproj", "{F82DB68C-3AA7-4CCC-A343-CC4850167586}"
EndProject
Global
	GlobalSection(SolutionConfigurationPlatforms) = preSolution
		Debug|Any CPU = Debug|Any CPU
		Release|Any CPU = Release|Any CPU
	EndGlobalSection
	GlobalSection(ProjectConfigurationPlatforms) = postSolution
		{F82DB68C-3AA7-4CCC-A343-CC4850167586}.Debug|Any CPU.ActiveCfg = Debug|Any CPU
		{F82DB68C-3AA7-4CCC-A343-CC4850167586}.Debug|Any CPU.Build.0 = Debug|Any CPU
		{F82DB68C-3AA7-4CCC-A343-CC4850167586}.Release|Any CPU.ActiveCfg = Release|Any CPU
		{F82DB68C-3AA7-4CCC-A343-CC4850167586}.Release|Any CPU.Build.0 = Release|Any CPU
	EndGlobalSection
	GlobalSection(SolutionProperties) = preSolution
		HideSolutionNode = FALSE
	EndGlobalSection
	GlobalSection(ExtensibilityGlobals) = postSolution
		SolutionGuid = {BCB4F98E-2658-4B65-99E9-95194D821BFB}
	EndGlobalSection
EndGlobal
