
Microsoft Visual Studio Solution File, Format Version 12.00
# Visual Studio Version 16
VisualStudioVersion = 16.0.29215.179
MinimumVisualStudioVersion = 10.0.40219.1
Project("{FAE04EC0-301F-11D3-BF4B-00C04F79EFBC}") = "ProductLookup", "ProductLookup\ProductLookup.csproj", "{A2EAFE8B-7D58-4BDB-8C0B-3C94598C0706}"
EndProject
Global
	GlobalSection(SolutionConfigurationPlatforms) = preSolution
		Debug|Any CPU = Debug|Any CPU
		Release|Any CPU = Release|Any CPU
	EndGlobalSection
	GlobalSection(ProjectConfigurationPlatforms) = postSolution
		{A2EAFE8B-7D58-4BDB-8C0B-3C94598C0706}.Debug|Any CPU.ActiveCfg = Debug|Any CPU
		{A2EAFE8B-7D58-4BDB-8C0B-3C94598C0706}.Debug|Any CPU.Build.0 = Debug|Any CPU
		{A2EAFE8B-7D58-4BDB-8C0B-3C94598C0706}.Release|Any CPU.ActiveCfg = Release|Any CPU
		{A2EAFE8B-7D58-4BDB-8C0B-3C94598C0706}.Release|Any CPU.Build.0 = Release|Any CPU
	EndGlobalSection
	GlobalSection(SolutionProperties) = preSolution
		HideSolutionNode = FALSE
	EndGlobalSection
	GlobalSection(ExtensibilityGlobals) = postSolution
		SolutionGuid = {5C722744-C51D-4A93-9CD8-BB3C249B52CE}
	EndGlobalSection
EndGlobal
